
Microsoft Visual Studio Solution File, Format Version 12.00
# Visual Studio Version 16
VisualStudioVersion = 16.0.31410.357
MinimumVisualStudioVersion = 10.0.40219.1
Project("{FAE04EC0-301F-11D3-BF4B-00C04F79EFBC}") = "Demo", "Demo\Demo.csproj", "{C8BBCEB0-855F-498E-A47D-626839F0E0DF}"
EndProject
Global
	GlobalSection(SolutionConfigurationPlatforms) = preSolution
		Debug|Any CPU = Debug|Any CPU
		Release|Any CPU = Release|Any CPU
	EndGlobalSection
	GlobalSection(ProjectConfigurationPlatforms) = postSolution
		{C8BBCEB0-855F-498E-A47D-626839F0E0DF}.Debug|Any CPU.ActiveCfg = Debug|Any CPU
		{C8BBCEB0-855F-498E-A47D-626839F0E0DF}.Debug|Any CPU.Build.0 = Debug|Any CPU
		{C8BBCEB0-855F-498E-A47D-626839F0E0DF}.Release|Any CPU.ActiveCfg = Release|Any CPU
		{C8BBCEB0-855F-498E-A47D-626839F0E0DF}.Release|Any CPU.Build.0 = Release|Any CPU
	EndGlobalSection
	GlobalSection(SolutionProperties) = preSolution
		HideSolutionNode = FALSE
	EndGlobalSection
	GlobalSection(ExtensibilityGlobals) = postSolution
		SolutionGuid = {D42274B1-7217-47D5-B39F-07361D4EA453}
	EndGlobalSection
EndGlobal
